<?xml version="1.0" encoding="UTF-8"?>
<!DOCTYPE plist PUBLIC "-//Apple//DTD PLIST 1.0//EN" "http://www.apple.com/DTDs/PropertyList-1.0.dtd">
<plist version="1.0">
<dict>
	<key>archiveVersion</key>
	<string>1</string>
	<key>classes</key>
	<dict/>
	<key>objectVersion</key>
	<string>46</string>
	<key>objects</key>
	<dict>
		<key>2A9CBB8516EAA66400041DF2</key>
		<dict>
			<key>children</key>
			<array>
				<string>2A9CBBF216EAABE800041DF2</string>
				<string>2A9CBBF316EAABE800041DF2</string>
				<string>2A9CBBF416EAABE800041DF2</string>
				<string>2A9CBBF516EAABE800041DF2</string>
				<string>2A9CBBF616EAABE800041DF2</string>
				<string>2A9CBBE016EAAA3B00041DF2</string>
				<string>2A9CBBD116EAAA3400041DF2</string>
				<string>2A9CBB9716EAA66400041DF2</string>
				<string>2A9CBBBE16EAA66400041DF2</string>
				<string>2A9CBB9016EAA66400041DF2</string>
				<string>2A9CBB8F16EAA66400041DF2</string>
			</array>
			<key>isa</key>
			<string>PBXGroup</string>
			<key>sourceTree</key>
			<string>&lt;group&gt;</string>
		</dict>
		<key>2A9CBB8616EAA66400041DF2</key>
		<dict>
			<key>attributes</key>
			<dict>
				<key>LastUpgradeCheck</key>
				<string>0460</string>
				<key>ORGANIZATIONNAME</key>
				<string>SE2</string>
			</dict>
			<key>buildConfigurationList</key>
			<string>2A9CBB8916EAA66400041DF2</string>
			<key>compatibilityVersion</key>
			<string>Xcode 3.2</string>
			<key>developmentRegion</key>
			<string>English</string>
			<key>hasScannedForEncodings</key>
			<string>0</string>
			<key>isa</key>
			<string>PBXProject</string>
			<key>knownRegions</key>
			<array>
				<string>en</string>
			</array>
			<key>mainGroup</key>
			<string>2A9CBB8516EAA66400041DF2</string>
			<key>productRefGroup</key>
			<string>2A9CBB8F16EAA66400041DF2</string>
			<key>projectDirPath</key>
			<string></string>
			<key>projectReferences</key>
			<array>
				<dict>
					<key>ProductGroup</key>
					<string>2A9CBBE116EAAA3B00041DF2</string>
					<key>ProjectRef</key>
					<string>2A9CBBE016EAAA3B00041DF2</string>
				</dict>
				<dict>
					<key>ProductGroup</key>
					<string>2A9CBBD216EAAA3400041DF2</string>
					<key>ProjectRef</key>
					<string>2A9CBBD116EAAA3400041DF2</string>
				</dict>
			</array>
			<key>projectRoot</key>
			<string></string>
			<key>targets</key>
			<array>
				<string>2A9CBB8D16EAA66400041DF2</string>
				<string>2A9CBBB616EAA66400041DF2</string>
			</array>
		</dict>
		<key>2A9CBB8916EAA66400041DF2</key>
		<dict>
			<key>buildConfigurations</key>
			<array>
				<string>2A9CBBC716EAA66400041DF2</string>
				<string>2A9CBBC816EAA66400041DF2</string>
			</array>
			<key>defaultConfigurationIsVisible</key>
			<string>0</string>
			<key>defaultConfigurationName</key>
			<string>Release</string>
			<key>isa</key>
			<string>XCConfigurationList</string>
		</dict>
		<key>2A9CBB8A16EAA66400041DF2</key>
		<dict>
			<key>buildActionMask</key>
			<string>2147483647</string>
			<key>files</key>
			<array>
				<string>2A9CBB9E16EAA66400041DF2</string>
				<string>2A9CBBA216EAA66400041DF2</string>
				<string>2A9CBBB116EAA66400041DF2</string>
				<string>2AC56EE616EBD357000052D1</string>
			</array>
			<key>isa</key>
			<string>PBXSourcesBuildPhase</string>
			<key>runOnlyForDeploymentPostprocessing</key>
			<string>0</string>
		</dict>
		<key>2A9CBB8B16EAA66400041DF2</key>
		<dict>
			<key>buildActionMask</key>
			<string>2147483647</string>
			<key>files</key>
			<array>
				<string>2A9CBBFE16EAAD0400041DF2</string>
				<string>2A9CBBF716EAABE800041DF2</string>
				<string>2A9CBBF816EAABE800041DF2</string>
				<string>2A9CBBF916EAABE800041DF2</string>
				<string>2A9CBBFA16EAABE800041DF2</string>
				<string>2A9CBBFB16EAABE800041DF2</string>
				<string>2A9CBBF116EAABA400041DF2</string>
				<string>2A9CBB9216EAA66400041DF2</string>
				<string>2A9CBB9416EAA66400041DF2</string>
				<string>2A9CBB9616EAA66400041DF2</string>
			</array>
			<key>isa</key>
			<string>PBXFrameworksBuildPhase</string>
			<key>runOnlyForDeploymentPostprocessing</key>
			<string>0</string>
		</dict>
		<key>2A9CBB8C16EAA66400041DF2</key>
		<dict>
			<key>buildActionMask</key>
			<string>2147483647</string>
			<key>files</key>
			<array>
				<string>2A9CBB9C16EAA66400041DF2</string>
				<string>2A9CBBA416EAA66400041DF2</string>
				<string>2A9CBBA616EAA66400041DF2</string>
				<string>2A9CBBA816EAA66400041DF2</string>
				<string>2A9CBBAB16EAA66400041DF2</string>
				<string>2A9CBBAE16EAA66400041DF2</string>
			</array>
			<key>isa</key>
			<string>PBXResourcesBuildPhase</string>
			<key>runOnlyForDeploymentPostprocessing</key>
			<string>0</string>
		</dict>
		<key>2A9CBB8D16EAA66400041DF2</key>
		<dict>
			<key>buildConfigurationList</key>
			<string>2A9CBBC916EAA66400041DF2</string>
			<key>buildPhases</key>
			<array>
				<string>2A9CBB8A16EAA66400041DF2</string>
				<string>2A9CBB8B16EAA66400041DF2</string>
				<string>2A9CBB8C16EAA66400041DF2</string>
			</array>
			<key>buildRules</key>
			<array/>
			<key>dependencies</key>
			<array>
				<string>2A9CBBFD16EAACF100041DF2</string>
				<string>2A9CBBF016EAAB8D00041DF2</string>
			</array>
			<key>isa</key>
			<string>PBXNativeTarget</string>
			<key>name</key>
			<string>ESA</string>
			<key>productName</key>
			<string>ESA</string>
			<key>productReference</key>
			<string>2A9CBB8E16EAA66400041DF2</string>
			<key>productType</key>
			<string>com.apple.product-type.application</string>
		</dict>
		<key>2A9CBB8E16EAA66400041DF2</key>
		<dict>
			<key>explicitFileType</key>
			<string>wrapper.application</string>
			<key>includeInIndex</key>
			<string>0</string>
			<key>isa</key>
			<string>PBXFileReference</string>
			<key>path</key>
			<string>ESA.app</string>
			<key>sourceTree</key>
			<string>BUILT_PRODUCTS_DIR</string>
		</dict>
		<key>2A9CBB8F16EAA66400041DF2</key>
		<dict>
			<key>children</key>
			<array>
				<string>2A9CBB8E16EAA66400041DF2</string>
				<string>2A9CBBB716EAA66400041DF2</string>
			</array>
			<key>isa</key>
			<string>PBXGroup</string>
			<key>name</key>
			<string>Products</string>
			<key>sourceTree</key>
			<string>&lt;group&gt;</string>
		</dict>
		<key>2A9CBB9016EAA66400041DF2</key>
		<dict>
			<key>children</key>
			<array>
				<string>2A9CBB9116EAA66400041DF2</string>
				<string>2A9CBB9316EAA66400041DF2</string>
				<string>2A9CBB9516EAA66400041DF2</string>
				<string>2A9CBBB816EAA66400041DF2</string>
			</array>
			<key>isa</key>
			<string>PBXGroup</string>
			<key>name</key>
			<string>Frameworks</string>
			<key>sourceTree</key>
			<string>&lt;group&gt;</string>
		</dict>
		<key>2A9CBB9116EAA66400041DF2</key>
		<dict>
			<key>isa</key>
			<string>PBXFileReference</string>
			<key>lastKnownFileType</key>
			<string>wrapper.framework</string>
			<key>name</key>
			<string>UIKit.framework</string>
			<key>path</key>
			<string>System/Library/Frameworks/UIKit.framework</string>
			<key>sourceTree</key>
			<string>SDKROOT</string>
		</dict>
		<key>2A9CBB9216EAA66400041DF2</key>
		<dict>
			<key>fileRef</key>
			<string>2A9CBB9116EAA66400041DF2</string>
			<key>isa</key>
			<string>PBXBuildFile</string>
		</dict>
		<key>2A9CBB9316EAA66400041DF2</key>
		<dict>
			<key>isa</key>
			<string>PBXFileReference</string>
			<key>lastKnownFileType</key>
			<string>wrapper.framework</string>
			<key>name</key>
			<string>Foundation.framework</string>
			<key>path</key>
			<string>System/Library/Frameworks/Foundation.framework</string>
			<key>sourceTree</key>
			<string>SDKROOT</string>
		</dict>
		<key>2A9CBB9416EAA66400041DF2</key>
		<dict>
			<key>fileRef</key>
			<string>2A9CBB9316EAA66400041DF2</string>
			<key>isa</key>
			<string>PBXBuildFile</string>
		</dict>
		<key>2A9CBB9516EAA66400041DF2</key>
		<dict>
			<key>isa</key>
			<string>PBXFileReference</string>
			<key>lastKnownFileType</key>
			<string>wrapper.framework</string>
			<key>name</key>
			<string>CoreGraphics.framework</string>
			<key>path</key>
			<string>System/Library/Frameworks/CoreGraphics.framework</string>
			<key>sourceTree</key>
			<string>SDKROOT</string>
		</dict>
		<key>2A9CBB9616EAA66400041DF2</key>
		<dict>
			<key>fileRef</key>
			<string>2A9CBB9516EAA66400041DF2</string>
			<key>isa</key>
			<string>PBXBuildFile</string>
		</dict>
		<key>2A9CBB9716EAA66400041DF2</key>
		<dict>
			<key>children</key>
			<array>
				<string>2A9CBBA016EAA66400041DF2</string>
				<string>2A9CBBA116EAA66400041DF2</string>
				<string>2A9CBBA916EAA66400041DF2</string>
				<string>2A9CBBAC16EAA66400041DF2</string>
				<string>2A9CBBAF16EAA66400041DF2</string>
				<string>2A9CBBB016EAA66400041DF2</string>
				<string>2A9CBB9816EAA66400041DF2</string>
				<string>2AC56EE416EBD357000052D1</string>
				<string>2AC56EE516EBD357000052D1</string>
			</array>
			<key>isa</key>
			<string>PBXGroup</string>
			<key>path</key>
			<string>ESA</string>
			<key>sourceTree</key>
			<string>&lt;group&gt;</string>
		</dict>
		<key>2A9CBB9816EAA66400041DF2</key>
		<dict>
			<key>children</key>
			<array>
				<string>2A9CBB9916EAA66400041DF2</string>
				<string>2A9CBB9A16EAA66400041DF2</string>
				<string>2A9CBB9D16EAA66400041DF2</string>
				<string>2A9CBB9F16EAA66400041DF2</string>
				<string>2A9CBBA316EAA66400041DF2</string>
				<string>2A9CBBA516EAA66400041DF2</string>
				<string>2A9CBBA716EAA66400041DF2</string>
			</array>
			<key>isa</key>
			<string>PBXGroup</string>
			<key>name</key>
			<string>Supporting Files</string>
			<key>sourceTree</key>
			<string>&lt;group&gt;</string>
		</dict>
		<key>2A9CBB9916EAA66400041DF2</key>
		<dict>
			<key>isa</key>
			<string>PBXFileReference</string>
			<key>lastKnownFileType</key>
			<string>text.plist.xml</string>
			<key>path</key>
			<string>ESA-Info.plist</string>
			<key>sourceTree</key>
			<string>&lt;group&gt;</string>
		</dict>
		<key>2A9CBB9A16EAA66400041DF2</key>
		<dict>
			<key>children</key>
			<array>
				<string>2A9CBB9B16EAA66400041DF2</string>
			</array>
			<key>isa</key>
			<string>PBXVariantGroup</string>
			<key>name</key>
			<string>InfoPlist.strings</string>
			<key>sourceTree</key>
			<string>&lt;group&gt;</string>
		</dict>
		<key>2A9CBB9B16EAA66400041DF2</key>
		<dict>
			<key>isa</key>
			<string>PBXFileReference</string>
			<key>lastKnownFileType</key>
			<string>text.plist.strings</string>
			<key>name</key>
			<string>en</string>
			<key>path</key>
			<string>en.lproj/InfoPlist.strings</string>
			<key>sourceTree</key>
			<string>&lt;group&gt;</string>
		</dict>
		<key>2A9CBB9C16EAA66400041DF2</key>
		<dict>
			<key>fileRef</key>
			<string>2A9CBB9A16EAA66400041DF2</string>
			<key>isa</key>
			<string>PBXBuildFile</string>
		</dict>
		<key>2A9CBB9D16EAA66400041DF2</key>
		<dict>
			<key>isa</key>
			<string>PBXFileReference</string>
			<key>lastKnownFileType</key>
			<string>sourcecode.c.objc</string>
			<key>path</key>
			<string>main.m</string>
			<key>sourceTree</key>
			<string>&lt;group&gt;</string>
		</dict>
		<key>2A9CBB9E16EAA66400041DF2</key>
		<dict>
			<key>fileRef</key>
			<string>2A9CBB9D16EAA66400041DF2</string>
			<key>isa</key>
			<string>PBXBuildFile</string>
		</dict>
		<key>2A9CBB9F16EAA66400041DF2</key>
		<dict>
			<key>isa</key>
			<string>PBXFileReference</string>
			<key>lastKnownFileType</key>
			<string>sourcecode.c.h</string>
			<key>path</key>
			<string>ESA-Prefix.pch</string>
			<key>sourceTree</key>
			<string>&lt;group&gt;</string>
		</dict>
		<key>2A9CBBA016EAA66400041DF2</key>
		<dict>
			<key>isa</key>
			<string>PBXFileReference</string>
			<key>lastKnownFileType</key>
			<string>sourcecode.c.h</string>
			<key>path</key>
			<string>AppDelegate.h</string>
			<key>sourceTree</key>
			<string>&lt;group&gt;</string>
		</dict>
		<key>2A9CBBA116EAA66400041DF2</key>
		<dict>
			<key>isa</key>
			<string>PBXFileReference</string>
			<key>lastKnownFileType</key>
			<string>sourcecode.c.objc</string>
			<key>path</key>
			<string>AppDelegate.m</string>
			<key>sourceTree</key>
			<string>&lt;group&gt;</string>
		</dict>
		<key>2A9CBBA216EAA66400041DF2</key>
		<dict>
			<key>fileRef</key>
			<string>2A9CBBA116EAA66400041DF2</string>
			<key>isa</key>
			<string>PBXBuildFile</string>
		</dict>
		<key>2A9CBBA316EAA66400041DF2</key>
		<dict>
			<key>isa</key>
			<string>PBXFileReference</string>
			<key>lastKnownFileType</key>
			<string>image.png</string>
			<key>path</key>
			<string>Default.png</string>
			<key>sourceTree</key>
			<string>&lt;group&gt;</string>
		</dict>
		<key>2A9CBBA416EAA66400041DF2</key>
		<dict>
			<key>fileRef</key>
			<string>2A9CBBA316EAA66400041DF2</string>
			<key>isa</key>
			<string>PBXBuildFile</string>
		</dict>
		<key>2A9CBBA516EAA66400041DF2</key>
		<dict>
			<key>isa</key>
			<string>PBXFileReference</string>
			<key>lastKnownFileType</key>
			<string>image.png</string>
			<key>path</key>
			<string>Default@2x.png</string>
			<key>sourceTree</key>
			<string>&lt;group&gt;</string>
		</dict>
		<key>2A9CBBA616EAA66400041DF2</key>
		<dict>
			<key>fileRef</key>
			<string>2A9CBBA516EAA66400041DF2</string>
			<key>isa</key>
			<string>PBXBuildFile</string>
		</dict>
		<key>2A9CBBA716EAA66400041DF2</key>
		<dict>
			<key>isa</key>
			<string>PBXFileReference</string>
			<key>lastKnownFileType</key>
			<string>image.png</string>
			<key>path</key>
			<string>Default-568h@2x.png</string>
			<key>sourceTree</key>
			<string>&lt;group&gt;</string>
		</dict>
		<key>2A9CBBA816EAA66400041DF2</key>
		<dict>
			<key>fileRef</key>
			<string>2A9CBBA716EAA66400041DF2</string>
			<key>isa</key>
			<string>PBXBuildFile</string>
		</dict>
		<key>2A9CBBA916EAA66400041DF2</key>
		<dict>
			<key>children</key>
			<array>
				<string>2A9CBBAA16EAA66400041DF2</string>
			</array>
			<key>isa</key>
			<string>PBXVariantGroup</string>
			<key>name</key>
			<string>MainStoryboard_iPhone.storyboard</string>
			<key>sourceTree</key>
			<string>&lt;group&gt;</string>
		</dict>
		<key>2A9CBBAA16EAA66400041DF2</key>
		<dict>
			<key>isa</key>
			<string>PBXFileReference</string>
			<key>lastKnownFileType</key>
			<string>file.storyboard</string>
			<key>name</key>
			<string>en</string>
			<key>path</key>
			<string>en.lproj/MainStoryboard_iPhone.storyboard</string>
			<key>sourceTree</key>
			<string>&lt;group&gt;</string>
		</dict>
		<key>2A9CBBAB16EAA66400041DF2</key>
		<dict>
			<key>fileRef</key>
			<string>2A9CBBA916EAA66400041DF2</string>
			<key>isa</key>
			<string>PBXBuildFile</string>
		</dict>
		<key>2A9CBBAC16EAA66400041DF2</key>
		<dict>
			<key>children</key>
			<array>
				<string>2A9CBBAD16EAA66400041DF2</string>
			</array>
			<key>isa</key>
			<string>PBXVariantGroup</string>
			<key>name</key>
			<string>MainStoryboard_iPad.storyboard</string>
			<key>sourceTree</key>
			<string>&lt;group&gt;</string>
		</dict>
		<key>2A9CBBAD16EAA66400041DF2</key>
		<dict>
			<key>isa</key>
			<string>PBXFileReference</string>
			<key>lastKnownFileType</key>
			<string>file.storyboard</string>
			<key>name</key>
			<string>en</string>
			<key>path</key>
			<string>en.lproj/MainStoryboard_iPad.storyboard</string>
			<key>sourceTree</key>
			<string>&lt;group&gt;</string>
		</dict>
		<key>2A9CBBAE16EAA66400041DF2</key>
		<dict>
			<key>fileRef</key>
			<string>2A9CBBAC16EAA66400041DF2</string>
			<key>isa</key>
			<string>PBXBuildFile</string>
		</dict>
		<key>2A9CBBAF16EAA66400041DF2</key>
		<dict>
			<key>isa</key>
			<string>PBXFileReference</string>
			<key>lastKnownFileType</key>
			<string>sourcecode.c.h</string>
			<key>path</key>
			<string>ViewController.h</string>
			<key>sourceTree</key>
			<string>&lt;group&gt;</string>
		</dict>
		<key>2A9CBBB016EAA66400041DF2</key>
		<dict>
			<key>isa</key>
			<string>PBXFileReference</string>
			<key>lastKnownFileType</key>
			<string>sourcecode.c.objc</string>
			<key>path</key>
			<string>ViewController.m</string>
			<key>sourceTree</key>
			<string>&lt;group&gt;</string>
		</dict>
		<key>2A9CBBB116EAA66400041DF2</key>
		<dict>
			<key>fileRef</key>
			<string>2A9CBBB016EAA66400041DF2</string>
			<key>isa</key>
			<string>PBXBuildFile</string>
		</dict>
		<key>2A9CBBB216EAA66400041DF2</key>
		<dict>
			<key>buildActionMask</key>
			<string>2147483647</string>
			<key>files</key>
			<array>
				<string>2A9CBBC616EAA66400041DF2</string>
			</array>
			<key>isa</key>
			<string>PBXSourcesBuildPhase</string>
			<key>runOnlyForDeploymentPostprocessing</key>
			<string>0</string>
		</dict>
		<key>2A9CBBB316EAA66400041DF2</key>
		<dict>
			<key>buildActionMask</key>
			<string>2147483647</string>
			<key>files</key>
			<array>
				<string>2A9CBBB916EAA66400041DF2</string>
				<string>2A9CBBBA16EAA66400041DF2</string>
				<string>2A9CBBBB16EAA66400041DF2</string>
			</array>
			<key>isa</key>
			<string>PBXFrameworksBuildPhase</string>
			<key>runOnlyForDeploymentPostprocessing</key>
			<string>0</string>
		</dict>
		<key>2A9CBBB416EAA66400041DF2</key>
		<dict>
			<key>buildActionMask</key>
			<string>2147483647</string>
			<key>files</key>
			<array>
				<string>2A9CBBC316EAA66400041DF2</string>
			</array>
			<key>isa</key>
			<string>PBXResourcesBuildPhase</string>
			<key>runOnlyForDeploymentPostprocessing</key>
			<string>0</string>
		</dict>
		<key>2A9CBBB516EAA66400041DF2</key>
		<dict>
			<key>buildActionMask</key>
			<string>2147483647</string>
			<key>files</key>
			<array/>
			<key>inputPaths</key>
			<array/>
			<key>isa</key>
			<string>PBXShellScriptBuildPhase</string>
			<key>outputPaths</key>
			<array/>
			<key>runOnlyForDeploymentPostprocessing</key>
			<string>0</string>
			<key>shellPath</key>
			<string>/bin/sh</string>
			<key>shellScript</key>
			<string># Run the unit tests in this test bundle.
"${SYSTEM_DEVELOPER_DIR}/Tools/RunUnitTests"
</string>
		</dict>
		<key>2A9CBBB616EAA66400041DF2</key>
		<dict>
			<key>buildConfigurationList</key>
			<string>2A9CBBCC16EAA66400041DF2</string>
			<key>buildPhases</key>
			<array>
				<string>2A9CBBB216EAA66400041DF2</string>
				<string>2A9CBBB316EAA66400041DF2</string>
				<string>2A9CBBB416EAA66400041DF2</string>
				<string>2A9CBBB516EAA66400041DF2</string>
			</array>
			<key>buildRules</key>
			<array/>
			<key>dependencies</key>
			<array>
				<string>2A9CBBBD16EAA66400041DF2</string>
			</array>
			<key>isa</key>
			<string>PBXNativeTarget</string>
			<key>name</key>
			<string>ESATests</string>
			<key>productName</key>
			<string>ESATests</string>
			<key>productReference</key>
			<string>2A9CBBB716EAA66400041DF2</string>
			<key>productType</key>
			<string>com.apple.product-type.bundle</string>
		</dict>
		<key>2A9CBBB716EAA66400041DF2</key>
		<dict>
			<key>explicitFileType</key>
			<string>wrapper.cfbundle</string>
			<key>includeInIndex</key>
			<string>0</string>
			<key>isa</key>
			<string>PBXFileReference</string>
			<key>path</key>
			<string>ESATests.octest</string>
			<key>sourceTree</key>
			<string>BUILT_PRODUCTS_DIR</string>
		</dict>
		<key>2A9CBBB816EAA66400041DF2</key>
		<dict>
			<key>isa</key>
			<string>PBXFileReference</string>
			<key>lastKnownFileType</key>
			<string>wrapper.framework</string>
			<key>name</key>
			<string>SenTestingKit.framework</string>
			<key>path</key>
			<string>Library/Frameworks/SenTestingKit.framework</string>
			<key>sourceTree</key>
			<string>DEVELOPER_DIR</string>
		</dict>
		<key>2A9CBBB916EAA66400041DF2</key>
		<dict>
			<key>fileRef</key>
			<string>2A9CBBB816EAA66400041DF2</string>
			<key>isa</key>
			<string>PBXBuildFile</string>
		</dict>
		<key>2A9CBBBA16EAA66400041DF2</key>
		<dict>
			<key>fileRef</key>
			<string>2A9CBB9116EAA66400041DF2</string>
			<key>isa</key>
			<string>PBXBuildFile</string>
		</dict>
		<key>2A9CBBBB16EAA66400041DF2</key>
		<dict>
			<key>fileRef</key>
			<string>2A9CBB9316EAA66400041DF2</string>
			<key>isa</key>
			<string>PBXBuildFile</string>
		</dict>
		<key>2A9CBBBC16EAA66400041DF2</key>
		<dict>
			<key>containerPortal</key>
			<string>2A9CBB8616EAA66400041DF2</string>
			<key>isa</key>
			<string>PBXContainerItemProxy</string>
			<key>proxyType</key>
			<string>1</string>
			<key>remoteGlobalIDString</key>
			<string>2A9CBB8D16EAA66400041DF2</string>
			<key>remoteInfo</key>
			<string>ESA</string>
		</dict>
		<key>2A9CBBBD16EAA66400041DF2</key>
		<dict>
			<key>isa</key>
			<string>PBXTargetDependency</string>
			<key>target</key>
			<string>2A9CBB8D16EAA66400041DF2</string>
			<key>targetProxy</key>
			<string>2A9CBBBC16EAA66400041DF2</string>
		</dict>
		<key>2A9CBBBE16EAA66400041DF2</key>
		<dict>
			<key>children</key>
			<array>
				<string>2A9CBBC416EAA66400041DF2</string>
				<string>2A9CBBC516EAA66400041DF2</string>
				<string>2A9CBBBF16EAA66400041DF2</string>
			</array>
			<key>isa</key>
			<string>PBXGroup</string>
			<key>path</key>
			<string>ESATests</string>
			<key>sourceTree</key>
			<string>&lt;group&gt;</string>
		</dict>
		<key>2A9CBBBF16EAA66400041DF2</key>
		<dict>
			<key>children</key>
			<array>
				<string>2A9CBBC016EAA66400041DF2</string>
				<string>2A9CBBC116EAA66400041DF2</string>
			</array>
			<key>isa</key>
			<string>PBXGroup</string>
			<key>name</key>
			<string>Supporting Files</string>
			<key>sourceTree</key>
			<string>&lt;group&gt;</string>
		</dict>
		<key>2A9CBBC016EAA66400041DF2</key>
		<dict>
			<key>isa</key>
			<string>PBXFileReference</string>
			<key>lastKnownFileType</key>
			<string>text.plist.xml</string>
			<key>path</key>
			<string>ESATests-Info.plist</string>
			<key>sourceTree</key>
			<string>&lt;group&gt;</string>
		</dict>
		<key>2A9CBBC116EAA66400041DF2</key>
		<dict>
			<key>children</key>
			<array>
				<string>2A9CBBC216EAA66400041DF2</string>
			</array>
			<key>isa</key>
			<string>PBXVariantGroup</string>
			<key>name</key>
			<string>InfoPlist.strings</string>
			<key>sourceTree</key>
			<string>&lt;group&gt;</string>
		</dict>
		<key>2A9CBBC216EAA66400041DF2</key>
		<dict>
			<key>isa</key>
			<string>PBXFileReference</string>
			<key>lastKnownFileType</key>
			<string>text.plist.strings</string>
			<key>name</key>
			<string>en</string>
			<key>path</key>
			<string>en.lproj/InfoPlist.strings</string>
			<key>sourceTree</key>
			<string>&lt;group&gt;</string>
		</dict>
		<key>2A9CBBC316EAA66400041DF2</key>
		<dict>
			<key>fileRef</key>
			<string>2A9CBBC116EAA66400041DF2</string>
			<key>isa</key>
			<string>PBXBuildFile</string>
		</dict>
		<key>2A9CBBC416EAA66400041DF2</key>
		<dict>
			<key>isa</key>
			<string>PBXFileReference</string>
			<key>lastKnownFileType</key>
			<string>sourcecode.c.h</string>
			<key>path</key>
			<string>ESATests.h</string>
			<key>sourceTree</key>
			<string>&lt;group&gt;</string>
		</dict>
		<key>2A9CBBC516EAA66400041DF2</key>
		<dict>
			<key>isa</key>
			<string>PBXFileReference</string>
			<key>lastKnownFileType</key>
			<string>sourcecode.c.objc</string>
			<key>path</key>
			<string>ESATests.m</string>
			<key>sourceTree</key>
			<string>&lt;group&gt;</string>
		</dict>
		<key>2A9CBBC616EAA66400041DF2</key>
		<dict>
			<key>fileRef</key>
			<string>2A9CBBC516EAA66400041DF2</string>
			<key>isa</key>
			<string>PBXBuildFile</string>
		</dict>
		<key>2A9CBBC716EAA66400041DF2</key>
		<dict>
			<key>buildSettings</key>
			<dict>
				<key>ALWAYS_SEARCH_USER_PATHS</key>
				<string>NO</string>
				<key>CLANG_CXX_LANGUAGE_STANDARD</key>
				<string>gnu++0x</string>
				<key>CLANG_CXX_LIBRARY</key>
				<string>libc++</string>
				<key>CLANG_ENABLE_OBJC_ARC</key>
				<string>YES</string>
				<key>CLANG_WARN_CONSTANT_CONVERSION</key>
				<string>YES</string>
				<key>CLANG_WARN_EMPTY_BODY</key>
				<string>YES</string>
				<key>CLANG_WARN_ENUM_CONVERSION</key>
				<string>YES</string>
				<key>CLANG_WARN_INT_CONVERSION</key>
				<string>YES</string>
				<key>CLANG_WARN__DUPLICATE_METHOD_MATCH</key>
				<string>YES</string>
				<key>CODE_SIGN_IDENTITY[sdk=iphoneos*]</key>
				<string>iPhone Developer</string>
				<key>COPY_PHASE_STRIP</key>
				<string>NO</string>
				<key>GCC_C_LANGUAGE_STANDARD</key>
				<string>gnu99</string>
				<key>GCC_DYNAMIC_NO_PIC</key>
				<string>NO</string>
				<key>GCC_OPTIMIZATION_LEVEL</key>
				<string>0</string>
				<key>GCC_PREPROCESSOR_DEFINITIONS</key>
				<array>
					<string>DEBUG=1</string>
					<string>$(inherited)</string>
				</array>
				<key>GCC_SYMBOLS_PRIVATE_EXTERN</key>
				<string>NO</string>
				<key>GCC_WARN_ABOUT_RETURN_TYPE</key>
				<string>YES</string>
				<key>GCC_WARN_UNINITIALIZED_AUTOS</key>
				<string>YES</string>
				<key>GCC_WARN_UNUSED_VARIABLE</key>
				<string>YES</string>
				<key>IPHONEOS_DEPLOYMENT_TARGET</key>
				<string>6.1</string>
				<key>ONLY_ACTIVE_ARCH</key>
				<string>YES</string>
				<key>SDKROOT</key>
				<string>iphoneos</string>
				<key>TARGETED_DEVICE_FAMILY</key>
				<string>1,2</string>
			</dict>
			<key>isa</key>
			<string>XCBuildConfiguration</string>
			<key>name</key>
			<string>Debug</string>
		</dict>
		<key>2A9CBBC816EAA66400041DF2</key>
		<dict>
			<key>buildSettings</key>
			<dict>
				<key>ALWAYS_SEARCH_USER_PATHS</key>
				<string>NO</string>
				<key>CLANG_CXX_LANGUAGE_STANDARD</key>
				<string>gnu++0x</string>
				<key>CLANG_CXX_LIBRARY</key>
				<string>libc++</string>
				<key>CLANG_ENABLE_OBJC_ARC</key>
				<string>YES</string>
				<key>CLANG_WARN_CONSTANT_CONVERSION</key>
				<string>YES</string>
				<key>CLANG_WARN_EMPTY_BODY</key>
				<string>YES</string>
				<key>CLANG_WARN_ENUM_CONVERSION</key>
				<string>YES</string>
				<key>CLANG_WARN_INT_CONVERSION</key>
				<string>YES</string>
				<key>CLANG_WARN__DUPLICATE_METHOD_MATCH</key>
				<string>YES</string>
				<key>CODE_SIGN_IDENTITY[sdk=iphoneos*]</key>
				<string>iPhone Developer</string>
				<key>COPY_PHASE_STRIP</key>
				<string>YES</string>
				<key>GCC_C_LANGUAGE_STANDARD</key>
				<string>gnu99</string>
				<key>GCC_WARN_ABOUT_RETURN_TYPE</key>
				<string>YES</string>
				<key>GCC_WARN_UNINITIALIZED_AUTOS</key>
				<string>YES</string>
				<key>GCC_WARN_UNUSED_VARIABLE</key>
				<string>YES</string>
				<key>IPHONEOS_DEPLOYMENT_TARGET</key>
				<string>6.1</string>
				<key>OTHER_CFLAGS</key>
				<string>-DNS_BLOCK_ASSERTIONS=1</string>
				<key>SDKROOT</key>
				<string>iphoneos</string>
				<key>TARGETED_DEVICE_FAMILY</key>
				<string>1,2</string>
				<key>VALIDATE_PRODUCT</key>
				<string>YES</string>
			</dict>
			<key>isa</key>
			<string>XCBuildConfiguration</string>
			<key>name</key>
			<string>Release</string>
		</dict>
		<key>2A9CBBC916EAA66400041DF2</key>
		<dict>
			<key>buildConfigurations</key>
			<array>
				<string>2A9CBBCA16EAA66400041DF2</string>
				<string>2A9CBBCB16EAA66400041DF2</string>
			</array>
			<key>defaultConfigurationIsVisible</key>
			<string>0</string>
			<key>defaultConfigurationName</key>
			<string>Release</string>
			<key>isa</key>
			<string>XCConfigurationList</string>
		</dict>
		<key>2A9CBBCA16EAA66400041DF2</key>
		<dict>
			<key>buildSettings</key>
			<dict>
				<key>GCC_PRECOMPILE_PREFIX_HEADER</key>
				<string>YES</string>
				<key>GCC_PREFIX_HEADER</key>
				<string>ESA/ESA-Prefix.pch</string>
				<key>HEADER_SEARCH_PATHS</key>
				<string>"$(BUILT_PRODUCTS_DIR)/../../Headers"</string>
				<key>INFOPLIST_FILE</key>
				<string>ESA/ESA-Info.plist</string>
				<key>LIBRARY_SEARCH_PATHS</key>
				<array>
					<string>$(inherited)</string>
					<string>$(FRANK_LIBRARY_SEARCH_PATHS)</string>
				</array>
				<key>OTHER_LDFLAGS</key>
				<array>
					<string>$(inherited)</string>
					<string>-ObjC</string>
					<string>$(FRANK_LDFLAGS)</string>
				</array>
				<key>PRODUCT_NAME</key>
				<string>$(TARGET_NAME)</string>
				<key>WRAPPER_EXTENSION</key>
				<string>app</string>
			</dict>
			<key>isa</key>
			<string>XCBuildConfiguration</string>
			<key>name</key>
			<string>Debug</string>
		</dict>
		<key>2A9CBBCB16EAA66400041DF2</key>
		<dict>
			<key>buildSettings</key>
			<dict>
				<key>GCC_PRECOMPILE_PREFIX_HEADER</key>
				<string>YES</string>
				<key>GCC_PREFIX_HEADER</key>
				<string>ESA/ESA-Prefix.pch</string>
				<key>HEADER_SEARCH_PATHS</key>
				<string>"$(BUILT_PRODUCTS_DIR)/../../Headers"</string>
				<key>INFOPLIST_FILE</key>
				<string>ESA/ESA-Info.plist</string>
				<key>OTHER_LDFLAGS</key>
				<string>-ObjC</string>
				<key>PRODUCT_NAME</key>
				<string>$(TARGET_NAME)</string>
				<key>WRAPPER_EXTENSION</key>
				<string>app</string>
			</dict>
			<key>isa</key>
			<string>XCBuildConfiguration</string>
			<key>name</key>
			<string>Release</string>
		</dict>
		<key>2A9CBBCC16EAA66400041DF2</key>
		<dict>
			<key>buildConfigurations</key>
			<array>
				<string>2A9CBBCD16EAA66400041DF2</string>
				<string>2A9CBBCE16EAA66400041DF2</string>
			</array>
			<key>defaultConfigurationIsVisible</key>
			<string>0</string>
			<key>defaultConfigurationName</key>
			<string>Release</string>
			<key>isa</key>
			<string>XCConfigurationList</string>
		</dict>
		<key>2A9CBBCD16EAA66400041DF2</key>
		<dict>
			<key>buildSettings</key>
			<dict>
				<key>BUNDLE_LOADER</key>
				<string>$(BUILT_PRODUCTS_DIR)/ESA.app/ESA</string>
				<key>FRAMEWORK_SEARCH_PATHS</key>
				<array>
					<string>"$(SDKROOT)/Developer/Library/Frameworks"</string>
					<string>"$(DEVELOPER_LIBRARY_DIR)/Frameworks"</string>
				</array>
				<key>GCC_PRECOMPILE_PREFIX_HEADER</key>
				<string>YES</string>
				<key>GCC_PREFIX_HEADER</key>
				<string>ESA/ESA-Prefix.pch</string>
				<key>INFOPLIST_FILE</key>
				<string>ESATests/ESATests-Info.plist</string>
				<key>PRODUCT_NAME</key>
				<string>$(TARGET_NAME)</string>
				<key>TEST_HOST</key>
				<string>$(BUNDLE_LOADER)</string>
				<key>WRAPPER_EXTENSION</key>
				<string>octest</string>
			</dict>
			<key>isa</key>
			<string>XCBuildConfiguration</string>
			<key>name</key>
			<string>Debug</string>
		</dict>
		<key>2A9CBBCE16EAA66400041DF2</key>
		<dict>
			<key>buildSettings</key>
			<dict>
				<key>BUNDLE_LOADER</key>
				<string>$(BUILT_PRODUCTS_DIR)/ESA.app/ESA</string>
				<key>FRAMEWORK_SEARCH_PATHS</key>
				<array>
					<string>"$(SDKROOT)/Developer/Library/Frameworks"</string>
					<string>"$(DEVELOPER_LIBRARY_DIR)/Frameworks"</string>
				</array>
				<key>GCC_PRECOMPILE_PREFIX_HEADER</key>
				<string>YES</string>
				<key>GCC_PREFIX_HEADER</key>
				<string>ESA/ESA-Prefix.pch</string>
				<key>INFOPLIST_FILE</key>
				<string>ESATests/ESATests-Info.plist</string>
				<key>PRODUCT_NAME</key>
				<string>$(TARGET_NAME)</string>
				<key>TEST_HOST</key>
				<string>$(BUNDLE_LOADER)</string>
				<key>WRAPPER_EXTENSION</key>
				<string>octest</string>
			</dict>
			<key>isa</key>
			<string>XCBuildConfiguration</string>
			<key>name</key>
			<string>Release</string>
		</dict>
		<key>2A9CBBD116EAAA3400041DF2</key>
		<dict>
			<key>isa</key>
			<string>PBXFileReference</string>
			<key>lastKnownFileType</key>
			<string>wrapper.pb-project</string>
			<key>name</key>
			<string>SBJson.xcodeproj</string>
			<key>path</key>
			<string>json-framework-3.2.0/SBJson.xcodeproj</string>
			<key>sourceTree</key>
			<string>&lt;group&gt;</string>
		</dict>
		<key>2A9CBBD216EAAA3400041DF2</key>
		<dict>
			<key>children</key>
			<array>
				<string>2A9CBBD916EAAA3400041DF2</string>
				<string>2A9CBBDB16EAAA3400041DF2</string>
				<string>2A9CBBDD16EAAA3400041DF2</string>
				<string>2A9CBBDF16EAAA3400041DF2</string>
			</array>
			<key>isa</key>
			<string>PBXGroup</string>
			<key>name</key>
			<string>Products</string>
			<key>sourceTree</key>
			<string>&lt;group&gt;</string>
		</dict>
		<key>2A9CBBD816EAAA3400041DF2</key>
		<dict>
			<key>containerPortal</key>
			<string>2A9CBBD116EAAA3400041DF2</string>
			<key>isa</key>
			<string>PBXContainerItemProxy</string>
			<key>proxyType</key>
			<string>2</string>
			<key>remoteGlobalIDString</key>
			<string>BC12323D1391D5CC00131607</string>
			<key>remoteInfo</key>
			<string>SBJson</string>
		</dict>
		<key>2A9CBBD916EAAA3400041DF2</key>
		<dict>
			<key>fileType</key>
			<string>wrapper.framework</string>
			<key>isa</key>
			<string>PBXReferenceProxy</string>
			<key>path</key>
			<string>SBJson.framework</string>
			<key>remoteRef</key>
			<string>2A9CBBD816EAAA3400041DF2</string>
			<key>sourceTree</key>
			<string>BUILT_PRODUCTS_DIR</string>
		</dict>
		<key>2A9CBBDA16EAAA3400041DF2</key>
		<dict>
			<key>containerPortal</key>
			<string>2A9CBBD116EAAA3400041DF2</string>
			<key>isa</key>
			<string>PBXContainerItemProxy</string>
			<key>proxyType</key>
			<string>2</string>
			<key>remoteGlobalIDString</key>
			<string>BC1232521391D5CC00131607</string>
			<key>remoteInfo</key>
			<string>SBJsonTests</string>
		</dict>
		<key>2A9CBBDB16EAAA3400041DF2</key>
		<dict>
			<key>fileType</key>
			<string>wrapper.cfbundle</string>
			<key>isa</key>
			<string>PBXReferenceProxy</string>
			<key>path</key>
			<string>SBJsonTests.octest</string>
			<key>remoteRef</key>
			<string>2A9CBBDA16EAAA3400041DF2</string>
			<key>sourceTree</key>
			<string>BUILT_PRODUCTS_DIR</string>
		</dict>
		<key>2A9CBBDC16EAAA3400041DF2</key>
		<dict>
			<key>containerPortal</key>
			<string>2A9CBBD116EAAA3400041DF2</string>
			<key>isa</key>
			<string>PBXContainerItemProxy</string>
			<key>proxyType</key>
			<string>2</string>
			<key>remoteGlobalIDString</key>
			<string>BCC2626913920FC7003D9994</string>
			<key>remoteInfo</key>
			<string>sbjson-ios</string>
		</dict>
		<key>2A9CBBDD16EAAA3400041DF2</key>
		<dict>
			<key>fileType</key>
			<string>archive.ar</string>
			<key>isa</key>
			<string>PBXReferenceProxy</string>
			<key>path</key>
			<string>libsbjson-ios.a</string>
			<key>remoteRef</key>
			<string>2A9CBBDC16EAAA3400041DF2</string>
			<key>sourceTree</key>
			<string>BUILT_PRODUCTS_DIR</string>
		</dict>
		<key>2A9CBBDE16EAAA3400041DF2</key>
		<dict>
			<key>containerPortal</key>
			<string>2A9CBBD116EAAA3400041DF2</string>
			<key>isa</key>
			<string>PBXContainerItemProxy</string>
			<key>proxyType</key>
			<string>2</string>
			<key>remoteGlobalIDString</key>
			<string>BCC2627313920FC7003D9994</string>
			<key>remoteInfo</key>
			<string>sbjson-iosTests</string>
		</dict>
		<key>2A9CBBDF16EAAA3400041DF2</key>
		<dict>
			<key>fileType</key>
			<string>wrapper.cfbundle</string>
			<key>isa</key>
			<string>PBXReferenceProxy</string>
			<key>path</key>
			<string>sbjson-iosTests.octest</string>
			<key>remoteRef</key>
			<string>2A9CBBDE16EAAA3400041DF2</string>
			<key>sourceTree</key>
			<string>BUILT_PRODUCTS_DIR</string>
		</dict>
		<key>2A9CBBE016EAAA3B00041DF2</key>
		<dict>
			<key>isa</key>
			<string>PBXFileReference</string>
			<key>lastKnownFileType</key>
			<string>wrapper.pb-project</string>
			<key>name</key>
			<string>RestKit.xcodeproj</string>
			<key>path</key>
			<string>RestKit-0.20.0-rc1/RestKit.xcodeproj</string>
			<key>sourceTree</key>
			<string>&lt;group&gt;</string>
		</dict>
		<key>2A9CBBE116EAAA3B00041DF2</key>
		<dict>
			<key>children</key>
			<array>
				<string>2A9CBBE816EAAA3C00041DF2</string>
				<string>2A9CBBEA16EAAA3C00041DF2</string>
				<string>2A9CBBEC16EAAA3C00041DF2</string>
				<string>2A9CBBEE16EAAA3C00041DF2</string>
			</array>
			<key>isa</key>
			<string>PBXGroup</string>
			<key>name</key>
			<string>Products</string>
			<key>sourceTree</key>
			<string>&lt;group&gt;</string>
		</dict>
		<key>2A9CBBE716EAAA3C00041DF2</key>
		<dict>
			<key>containerPortal</key>
			<string>2A9CBBE016EAAA3B00041DF2</string>
			<key>isa</key>
			<string>PBXContainerItemProxy</string>
			<key>proxyType</key>
			<string>2</string>
			<key>remoteGlobalIDString</key>
			<string>25160D1614564E810060A5C5</string>
			<key>remoteInfo</key>
			<string>RestKit</string>
		</dict>
		<key>2A9CBBE816EAAA3C00041DF2</key>
		<dict>
			<key>fileType</key>
			<string>archive.ar</string>
			<key>isa</key>
			<string>PBXReferenceProxy</string>
			<key>path</key>
			<string>libRestKit.a</string>
			<key>remoteRef</key>
			<string>2A9CBBE716EAAA3C00041DF2</string>
			<key>sourceTree</key>
			<string>BUILT_PRODUCTS_DIR</string>
		</dict>
		<key>2A9CBBE916EAAA3C00041DF2</key>
		<dict>
			<key>containerPortal</key>
			<string>2A9CBBE016EAAA3B00041DF2</string>
			<key>isa</key>
			<string>PBXContainerItemProxy</string>
			<key>proxyType</key>
			<string>2</string>
			<key>remoteGlobalIDString</key>
			<string>25160D2614564E820060A5C5</string>
			<key>remoteInfo</key>
			<string>RestKitTests</string>
		</dict>
		<key>2A9CBBEA16EAAA3C00041DF2</key>
		<dict>
			<key>fileType</key>
			<string>wrapper.cfbundle</string>
			<key>isa</key>
			<string>PBXReferenceProxy</string>
			<key>path</key>
			<string>RestKitTests.octest</string>
			<key>remoteRef</key>
			<string>2A9CBBE916EAAA3C00041DF2</string>
			<key>sourceTree</key>
			<string>BUILT_PRODUCTS_DIR</string>
		</dict>
		<key>2A9CBBEB16EAAA3C00041DF2</key>
		<dict>
			<key>containerPortal</key>
			<string>2A9CBBE016EAAA3B00041DF2</string>
			<key>isa</key>
			<string>PBXContainerItemProxy</string>
			<key>proxyType</key>
			<string>2</string>
			<key>remoteGlobalIDString</key>
			<string>25160E62145651060060A5C5</string>
			<key>remoteInfo</key>
			<string>RestKitFramework</string>
		</dict>
		<key>2A9CBBEC16EAAA3C00041DF2</key>
		<dict>
			<key>fileType</key>
			<string>wrapper.framework</string>
			<key>isa</key>
			<string>PBXReferenceProxy</string>
			<key>path</key>
			<string>RestKit.framework</string>
			<key>remoteRef</key>
			<string>2A9CBBEB16EAAA3C00041DF2</string>
			<key>sourceTree</key>
			<string>BUILT_PRODUCTS_DIR</string>
		</dict>
		<key>2A9CBBED16EAAA3C00041DF2</key>
		<dict>
			<key>containerPortal</key>
			<string>2A9CBBE016EAAA3B00041DF2</string>
			<key>isa</key>
			<string>PBXContainerItemProxy</string>
			<key>proxyType</key>
			<string>2</string>
			<key>remoteGlobalIDString</key>
			<string>25160E78145651060060A5C5</string>
			<key>remoteInfo</key>
			<string>RestKitFrameworkTests</string>
		</dict>
		<key>2A9CBBEE16EAAA3C00041DF2</key>
		<dict>
			<key>fileType</key>
			<string>wrapper.cfbundle</string>
			<key>isa</key>
			<string>PBXReferenceProxy</string>
			<key>path</key>
			<string>RestKitFrameworkTests.octest</string>
			<key>remoteRef</key>
			<string>2A9CBBED16EAAA3C00041DF2</string>
			<key>sourceTree</key>
			<string>BUILT_PRODUCTS_DIR</string>
		</dict>
		<key>2A9CBBEF16EAAB8D00041DF2</key>
		<dict>
			<key>containerPortal</key>
			<string>2A9CBBE016EAAA3B00041DF2</string>
			<key>isa</key>
			<string>PBXContainerItemProxy</string>
			<key>proxyType</key>
			<string>1</string>
			<key>remoteGlobalIDString</key>
			<string>25160D1514564E810060A5C5</string>
			<key>remoteInfo</key>
			<string>RestKit</string>
		</dict>
		<key>2A9CBBF016EAAB8D00041DF2</key>
		<dict>
			<key>isa</key>
			<string>PBXTargetDependency</string>
			<key>name</key>
			<string>RestKit</string>
			<key>targetProxy</key>
			<string>2A9CBBEF16EAAB8D00041DF2</string>
		</dict>
		<key>2A9CBBF116EAABA400041DF2</key>
		<dict>
			<key>fileRef</key>
			<string>2A9CBBE816EAAA3C00041DF2</string>
			<key>isa</key>
			<string>PBXBuildFile</string>
		</dict>
		<key>2A9CBBF216EAABE800041DF2</key>
		<dict>
			<key>isa</key>
			<string>PBXFileReference</string>
			<key>lastKnownFileType</key>
			<string>wrapper.framework</string>
			<key>name</key>
			<string>CFNetwork.framework</string>
			<key>path</key>
			<string>System/Library/Frameworks/CFNetwork.framework</string>
			<key>sourceTree</key>
			<string>SDKROOT</string>
		</dict>
		<key>2A9CBBF316EAABE800041DF2</key>
		<dict>
			<key>isa</key>
			<string>PBXFileReference</string>
			<key>lastKnownFileType</key>
			<string>wrapper.framework</string>
			<key>name</key>
			<string>CoreData.framework</string>
			<key>path</key>
			<string>System/Library/Frameworks/CoreData.framework</string>
			<key>sourceTree</key>
			<string>SDKROOT</string>
		</dict>
		<key>2A9CBBF416EAABE800041DF2</key>
		<dict>
			<key>isa</key>
			<string>PBXFileReference</string>
			<key>lastKnownFileType</key>
			<string>wrapper.framework</string>
			<key>name</key>
			<string>MobileCoreServices.framework</string>
			<key>path</key>
			<string>System/Library/Frameworks/MobileCoreServices.framework</string>
			<key>sourceTree</key>
			<string>SDKROOT</string>
		</dict>
		<key>2A9CBBF516EAABE800041DF2</key>
		<dict>
			<key>isa</key>
			<string>PBXFileReference</string>
			<key>lastKnownFileType</key>
			<string>wrapper.framework</string>
			<key>name</key>
			<string>Security.framework</string>
			<key>path</key>
			<string>System/Library/Frameworks/Security.framework</string>
			<key>sourceTree</key>
			<string>SDKROOT</string>
		</dict>
		<key>2A9CBBF616EAABE800041DF2</key>
		<dict>
			<key>isa</key>
			<string>PBXFileReference</string>
			<key>lastKnownFileType</key>
			<string>wrapper.framework</string>
			<key>name</key>
			<string>SystemConfiguration.framework</string>
			<key>path</key>
			<string>System/Library/Frameworks/SystemConfiguration.framework</string>
			<key>sourceTree</key>
			<string>SDKROOT</string>
		</dict>
		<key>2A9CBBF716EAABE800041DF2</key>
		<dict>
			<key>fileRef</key>
			<string>2A9CBBF216EAABE800041DF2</string>
			<key>isa</key>
			<string>PBXBuildFile</string>
		</dict>
		<key>2A9CBBF816EAABE800041DF2</key>
		<dict>
			<key>fileRef</key>
			<string>2A9CBBF316EAABE800041DF2</string>
			<key>isa</key>
			<string>PBXBuildFile</string>
		</dict>
		<key>2A9CBBF916EAABE800041DF2</key>
		<dict>
			<key>fileRef</key>
			<string>2A9CBBF416EAABE800041DF2</string>
			<key>isa</key>
			<string>PBXBuildFile</string>
		</dict>
		<key>2A9CBBFA16EAABE800041DF2</key>
		<dict>
			<key>fileRef</key>
			<string>2A9CBBF516EAABE800041DF2</string>
			<key>isa</key>
			<string>PBXBuildFile</string>
		</dict>
		<key>2A9CBBFB16EAABE800041DF2</key>
		<dict>
			<key>fileRef</key>
			<string>2A9CBBF616EAABE800041DF2</string>
			<key>isa</key>
			<string>PBXBuildFile</string>
		</dict>
		<key>2A9CBBFC16EAACF100041DF2</key>
		<dict>
			<key>containerPortal</key>
			<string>2A9CBBD116EAAA3400041DF2</string>
			<key>isa</key>
			<string>PBXContainerItemProxy</string>
			<key>proxyType</key>
			<string>1</string>
			<key>remoteGlobalIDString</key>
			<string>BCC2626813920FC7003D9994</string>
			<key>remoteInfo</key>
			<string>sbjson-ios</string>
		</dict>
		<key>2A9CBBFD16EAACF100041DF2</key>
		<dict>
			<key>isa</key>
			<string>PBXTargetDependency</string>
			<key>name</key>
			<string>sbjson-ios</string>
			<key>targetProxy</key>
			<string>2A9CBBFC16EAACF100041DF2</string>
		</dict>
		<key>2A9CBBFE16EAAD0400041DF2</key>
		<dict>
			<key>fileRef</key>
			<string>2A9CBBDD16EAAA3400041DF2</string>
			<key>isa</key>
			<string>PBXBuildFile</string>
		</dict>
		<key>2AC56EE416EBD357000052D1</key>
		<dict>
			<key>fileEncoding</key>
			<string>4</string>
			<key>isa</key>
			<string>PBXFileReference</string>
			<key>lastKnownFileType</key>
			<string>sourcecode.c.h</string>
			<key>path</key>
			<string>LoginViewController.h</string>
			<key>sourceTree</key>
			<string>&lt;group&gt;</string>
		</dict>
		<key>2AC56EE516EBD357000052D1</key>
		<dict>
			<key>fileEncoding</key>
			<string>4</string>
			<key>isa</key>
			<string>PBXFileReference</string>
			<key>lastKnownFileType</key>
			<string>sourcecode.c.objc</string>
			<key>path</key>
			<string>LoginViewController.m</string>
			<key>sourceTree</key>
			<string>&lt;group&gt;</string>
		</dict>
		<key>2AC56EE616EBD357000052D1</key>
		<dict>
			<key>fileRef</key>
			<string>2AC56EE516EBD357000052D1</string>
			<key>isa</key>
			<string>PBXBuildFile</string>
		</dict>
	</dict>
	<key>rootObject</key>
	<string>2A9CBB8616EAA66400041DF2</string>
</dict>
</plist>
